
Microsoft Visual Studio Solution File, Format Version 12.00
# Visual Studio Version 17
VisualStudioVersion = 17.0.31903.59
MinimumVisualStudioVersion = 10.0.40219.1
Project("{FAE04EC0-301F-11D3-BF4B-00C04F79EFBC}") = "LeaveManagementSystem.web", "LeaveManagementSystem.web\LeaveManagementSystem.web.csproj", "{DAB52CAB-B02E-40FD-A250-77AB17A411E9}"
EndProject
Global
	GlobalSection(SolutionConfigurationPlatforms) = preSolution
		Debug|Any CPU = Debug|Any CPU
		Release|Any CPU = Release|Any CPU
	EndGlobalSection
	GlobalSection(SolutionProperties) = preSolution
		HideSolutionNode = FALSE
	EndGlobalSection
	GlobalSection(ProjectConfigurationPlatforms) = postSolution
		{DAB52CAB-B02E-40FD-A250-77AB17A411E9}.Debug|Any CPU.ActiveCfg = Debug|Any CPU
		{DAB52CAB-B02E-40FD-A250-77AB17A411E9}.Debug|Any CPU.Build.0 = Debug|Any CPU
		{DAB52CAB-B02E-40FD-A250-77AB17A411E9}.Release|Any CPU.ActiveCfg = Release|Any CPU
		{DAB52CAB-B02E-40FD-A250-77AB17A411E9}.Release|Any CPU.Build.0 = Release|Any CPU
	EndGlobalSection
EndGlobal
